# THIS IS AN AUTOGENERATED FILE. DO NOT EDIT THIS FILE DIRECTLY.
# yarn lockfile v1


expo-localization@~9.1.0:
  version "9.1.0"
  resolved "https://registry.yarnpkg.com/expo-localization/-/expo-localization-9.1.0.tgz#463381568082fdcb28ad4e4c533a6f9471a3f78a"
  integrity sha512-0KYVUOJAHVRS/5oq0Bcf2i0imKOIFdpLnnNSG9XeaskkNgNSnbzeTQsoDvHi9UGYLwwtUo9HLciQJ/xcoSiftw==
  dependencies:
    rtl-detect "^1.0.2"

rtl-detect@^1.0.2:
  version "1.0.2"
  resolved "https://registry.yarnpkg.com/rtl-detect/-/rtl-detect-1.0.2.tgz#8eca316f5c6563d54df4e406171dd7819adda67f"
  integrity sha512-5X1422hvphzg2a/bo4tIDbjFjbJUOaPZwqE6dnyyxqwFqfR+tBcvfqapJr0o0VygATVCGKiODEewhZtKF+90AA==
